Microsoft Visual Studio Solution File, Format Version 11.00
# Visual Studio 2008

Project("{06A49365-B179-CF49-7786-1BA4F3AB9394}") = "Project Icarus", "Assembly-CSharp.csproj", "{4F635F55-1009-37EF-5266-848DB1CEDD3F}"
EndProject
Project("{06A49365-B179-CF49-7786-1BA4F3AB9394}") = "Project Icarus", "Assembly-CSharp-Editor.csproj", "{E705DD51-314F-BE2E-325D-C45501C00FAF}"
EndProject
Global
	GlobalSection(SolutionConfigurationPlatforms) = preSolution
		Debug|Any CPU = Debug|Any CPU
		Release|Any CPU = Release|Any CPU
	EndGlobalSection
	GlobalSection(ProjectConfigurationPlatforms) = postSolution
		{4F635F55-1009-37EF-5266-848DB1CEDD3F}.Debug|Any CPU.ActiveCfg = Debug|Any CPU
		{4F635F55-1009-37EF-5266-848DB1CEDD3F}.Debug|Any CPU.Build.0 = Debug|Any CPU
		{4F635F55-1009-37EF-5266-848DB1CEDD3F}.Release|Any CPU.ActiveCfg = Release|Any CPU
		{4F635F55-1009-37EF-5266-848DB1CEDD3F}.Release|Any CPU.Build.0 = Release|Any CPU
		{E705DD51-314F-BE2E-325D-C45501C00FAF}.Debug|Any CPU.ActiveCfg = Debug|Any CPU
		{E705DD51-314F-BE2E-325D-C45501C00FAF}.Debug|Any CPU.Build.0 = Debug|Any CPU
		{E705DD51-314F-BE2E-325D-C45501C00FAF}.Release|Any CPU.ActiveCfg = Release|Any CPU
		{E705DD51-314F-BE2E-325D-C45501C00FAF}.Release|Any CPU.Build.0 = Release|Any CPU
	EndGlobalSection
	GlobalSection(SolutionProperties) = preSolution
		HideSolutionNode = FALSE
	EndGlobalSection
																						GlobalSection(MonoDevelopProperties) = preSolution
=======
										GlobalSection(MonoDevelopProperties) = preSolution
>>>>>>> origin/master
		StartupItem = Assembly-CSharp.csproj
		Policies = $0
		$0.TextStylePolicy = $1
		$1.inheritsSet = null
		$1.scope = text/x-csharp
		$0.CSharpFormattingPolicy = $2
		$2.inheritsSet = Mono
		$2.inheritsScope = text/x-csharp
		$2.scope = text/x-csharp
		$0.TextStylePolicy = $3
		$3.FileWidth = 120
		$3.TabWidth = 4
		$3.IndentWidth = 4
		$3.EolMarker = Unix
		$3.inheritsSet = Mono
		$3.inheritsScope = text/plain
		$3.scope = text/plain
	EndGlobalSection

EndGlobal
